
Microsoft Visual Studio Solution File, Format Version 12.00
# Visual Studio 2012
Project("{E24C65DC-7377-472B-9ABA-BC803B73C61A}") = "welcome", ".", "{A7904FAF-A4AD-49BB-9F84-AABDBD5C467D}"
	ProjectSection(WebsiteProperties) = preProject
		TargetFrameworkMoniker = ".NETFramework,Version%3Dv4.0"
		Debug.AspNetCompiler.VirtualPath = "/welcome"
		Debug.AspNetCompiler.PhysicalPath = "..\..\..\mb\mob\welcome\welcome\"
		Debug.AspNetCompiler.TargetPath = "PrecompiledWeb\welcome\"
		Debug.AspNetCompiler.Updateable = "true"
		Debug.AspNetCompiler.ForceOverwrite = "true"
		Debug.AspNetCompiler.FixedNames = "false"
		Debug.AspNetCompiler.Debug = "True"
		Release.AspNetCompiler.VirtualPath = "/welcome"
		Release.AspNetCompiler.PhysicalPath = "..\..\..\mb\mob\welcome\welcome\"
		Release.AspNetCompiler.TargetPath = "PrecompiledWeb\welcome\"
		Release.AspNetCompiler.Updateable = "true"
		Release.AspNetCompiler.ForceOverwrite = "true"
		Release.AspNetCompiler.FixedNames = "false"
		Release.AspNetCompiler.Debug = "False"
		VWDPort = "51390"
	EndProjectSection
EndProject
Global
	GlobalSection(SolutionConfigurationPlatforms) = preSolution
		Debug|Any CPU = Debug|Any CPU
	EndGlobalSection
	GlobalSection(ProjectConfigurationPlatforms) = postSolution
		{A7904FAF-A4AD-49BB-9F84-AABDBD5C467D}.Debug|Any CPU.ActiveCfg = Debug|Any CPU
		{A7904FAF-A4AD-49BB-9F84-AABDBD5C467D}.Debug|Any CPU.Build.0 = Debug|Any CPU
	EndGlobalSection
	GlobalSection(SolutionProperties) = preSolution
		HideSolutionNode = FALSE
	EndGlobalSection
EndGlobal
